
Microsoft Visual Studio Solution File, Format Version 12.00
# Visual Studio Version 17
VisualStudioVersion = 17.11.35303.130
MinimumVisualStudioVersion = 10.0.40219.1
Project("{FAE04EC0-301F-11D3-BF4B-00C04F79EFBC}") = "OOP-Assessment", "OOP-Assessment\OOP-Assessment.csproj", "{22868915-9642-45C7-96D3-4835396AAAAC}"
EndProject
Global
	GlobalSection(SolutionConfigurationPlatforms) = preSolution
		Debug|Any CPU = Debug|Any CPU
		Release|Any CPU = Release|Any CPU
	EndGlobalSection
	GlobalSection(ProjectConfigurationPlatforms) = postSolution
		{22868915-9642-45C7-96D3-4835396AAAAC}.Debug|Any CPU.ActiveCfg = Debug|Any CPU
		{22868915-9642-45C7-96D3-4835396AAAAC}.Debug|Any CPU.Build.0 = Debug|Any CPU
		{22868915-9642-45C7-96D3-4835396AAAAC}.Release|Any CPU.ActiveCfg = Release|Any CPU
		{22868915-9642-45C7-96D3-4835396AAAAC}.Release|Any CPU.Build.0 = Release|Any CPU
	EndGlobalSection
	GlobalSection(SolutionProperties) = preSolution
		HideSolutionNode = FALSE
	EndGlobalSection
	GlobalSection(ExtensibilityGlobals) = postSolution
		SolutionGuid = {AFDD58E8-DC7B-4CDC-88F2-1AFA70AA3396}
	EndGlobalSection
EndGlobal
